{
  "dependencies": {
    "xml2js": {
      "version": "0.4.4",
      "dependencies": {
        "sax": {
          "version": "0.6.1"
        },
        "xmlbuilder": {
          "version": "2.4.4",
          "dependencies": {
            "lodash-node": {
              "version": "2.4.1"
            }
          }
        }
      }
    }
  }
}
